# This file is automatically @generated by Cargo.
# It is not intended for manual editing.
version = 4

[[package]]
name = "capnp"
version = "0.21.1"
source = "registry+https://github.com/rust-lang/crates.io-index"
checksum = "64b3560604b407fe0ab6f89b81ac11887b4ae07f8d31486581dee5b353e48f06"
dependencies = [
 "embedded-io",
]

[[package]]
name = "embedded-io"
version = "0.6.1"
source = "registry+https://github.com/rust-lang/crates.io-index"
checksum = "edd0f118536f44f5ccd48bcb8b111bdc3de888b58c74639dfb034a357d0f206d"

[[package]]
name = "libmahjong-specs"
version = "0.1.0"
dependencies = [
 "capnp",
]
